
Microsoft Visual Studio Solution File, Format Version 12.00
# Visual Studio Version 17
VisualStudioVersion = 17.1.32210.238
MinimumVisualStudioVersion = 10.0.40219.1
Project("{FAE04EC0-301F-11D3-BF4B-00C04F79EFBC}") = "tp7_1302204116", "tp7_1302204116\tp7_1302204116.csproj", "{A034E582-8D5B-4947-B7CC-5D7412B4CF3A}"
EndProject
Global
	GlobalSection(SolutionConfigurationPlatforms) = preSolution
		Debug|Any CPU = Debug|Any CPU
		Release|Any CPU = Release|Any CPU
	EndGlobalSection
	GlobalSection(ProjectConfigurationPlatforms) = postSolution
		{A034E582-8D5B-4947-B7CC-5D7412B4CF3A}.Debug|Any CPU.ActiveCfg = Debug|Any CPU
		{A034E582-8D5B-4947-B7CC-5D7412B4CF3A}.Debug|Any CPU.Build.0 = Debug|Any CPU
		{A034E582-8D5B-4947-B7CC-5D7412B4CF3A}.Release|Any CPU.ActiveCfg = Release|Any CPU
		{A034E582-8D5B-4947-B7CC-5D7412B4CF3A}.Release|Any CPU.Build.0 = Release|Any CPU
	EndGlobalSection
	GlobalSection(SolutionProperties) = preSolution
		HideSolutionNode = FALSE
	EndGlobalSection
	GlobalSection(ExtensibilityGlobals) = postSolution
		SolutionGuid = {E8F10BFC-003C-4061-BAA3-E24DA2BCA41B}
	EndGlobalSection
EndGlobal
